{
  "name": "budget-pal",
  "lockfileVersion": 3,
  "requires": true,
  "packages": {
    "": {
      "name": "budget-pal",
      "dependencies": {
        "round-flag-icons": "^1.3.0"
      }
    },
    "node_modules/round-flag-icons": {
      "version": "1.3.0",
      "resolved": "https://registry.npmjs.org/round-flag-icons/-/round-flag-icons-1.3.0.tgz",
      "integrity": "sha512-wLAMPjV8xZnNqhxjeSgtkCilzNq4Hl+KUpptavOP91Yr+eS1Z6bt7VJyYCn/pMnOoeOLzpOLeYcqGcIj9J6Y5A==",
      "license": "MIT"
    }
  }
}
